
Microsoft Visual Studio Solution File, Format Version 12.00
# Visual Studio Version 17
VisualStudioVersion = 17.6.33829.357
MinimumVisualStudioVersion = 10.0.40219.1
Project("{9A19103F-16F7-4668-BE54-9A1E7A4F7556}") = "CoreAngularAppWithJWTAuth", "CoreAngularAppWithJWTAuth\CoreAngularAppWithJWTAuth.csproj", "{52DAF418-A39E-49E2-84EB-B47F5CBD253E}"
EndProject
Project("{FAE04EC0-301F-11D3-BF4B-00C04F79EFBC}") = "ClassLibrary1", "ClassLibrary1\ClassLibrary1.csproj", "{CA0885B5-87E5-482A-9987-A8B61B9519D7}"
EndProject
Global
	GlobalSection(SolutionConfigurationPlatforms) = preSolution
		Debug|Any CPU = Debug|Any CPU
		Release|Any CPU = Release|Any CPU
	EndGlobalSection
	GlobalSection(ProjectConfigurationPlatforms) = postSolution
		{52DAF418-A39E-49E2-84EB-B47F5CBD253E}.Debug|Any CPU.ActiveCfg = Debug|Any CPU
		{52DAF418-A39E-49E2-84EB-B47F5CBD253E}.Debug|Any CPU.Build.0 = Debug|Any CPU
		{52DAF418-A39E-49E2-84EB-B47F5CBD253E}.Release|Any CPU.ActiveCfg = Release|Any CPU
		{52DAF418-A39E-49E2-84EB-B47F5CBD253E}.Release|Any CPU.Build.0 = Release|Any CPU
		{CA0885B5-87E5-482A-9987-A8B61B9519D7}.Debug|Any CPU.ActiveCfg = Debug|Any CPU
		{CA0885B5-87E5-482A-9987-A8B61B9519D7}.Debug|Any CPU.Build.0 = Debug|Any CPU
		{CA0885B5-87E5-482A-9987-A8B61B9519D7}.Release|Any CPU.ActiveCfg = Release|Any CPU
		{CA0885B5-87E5-482A-9987-A8B61B9519D7}.Release|Any CPU.Build.0 = Release|Any CPU
	EndGlobalSection
	GlobalSection(SolutionProperties) = preSolution
		HideSolutionNode = FALSE
	EndGlobalSection
	GlobalSection(ExtensibilityGlobals) = postSolution
		SolutionGuid = {A993AE80-1FD4-4357-8854-927CD89E5D09}
	EndGlobalSection
EndGlobal
